// !$*UTF8*$!
{
	archiveVersion = 1;
	classes = {
	};
	objectVersion = 56;
	objects = {

/* Begin PBXBuildFile section */
		C07EE9242B44110A000373BA /* AppointmentList.swift in Sources */ = {isa = PBXBuildFile; fileRef = C07EE9232B44110A000373BA /* AppointmentList.swift */; };
		C07EE9262B441116000373BA /* AppointmentItem.swift in Sources */ = {isa = PBXBuildFile; fileRef = C07EE9252B441116000373BA /* AppointmentItem.swift */; };
		C07EE9282B441177000373BA /* CalendarVM.swift in Sources */ = {isa = PBXBuildFile; fileRef = C07EE9272B441177000373BA /* CalendarVM.swift */; };
		C07EE92E2B442243000373BA /* AppointmentDetailView.swift in Sources */ = {isa = PBXBuildFile; fileRef = C07EE92D2B442243000373BA /* AppointmentDetailView.swift */; };
		C07EE9302B442978000373BA /* TodoVM.swift in Sources */ = {isa = PBXBuildFile; fileRef = C07EE92F2B442978000373BA /* TodoVM.swift */; };
		C07EE9332B442CC9000373BA /* TodoList.swift in Sources */ = {isa = PBXBuildFile; fileRef = C07EE9322B442CC9000373BA /* TodoList.swift */; };
		C07EE9352B442D3F000373BA /* TodoDetailView.swift in Sources */ = {isa = PBXBuildFile; fileRef = C07EE9342B442D3F000373BA /* TodoDetailView.swift */; };
		C07EE9372B442D4B000373BA /* TodoItem.swift in Sources */ = {isa = PBXBuildFile; fileRef = C07EE9362B442D4B000373BA /* TodoItem.swift */; };
		C07EE93A2B44346C000373BA /* DetailItem.swift in Sources */ = {isa = PBXBuildFile; fileRef = C07EE9392B44346C000373BA /* DetailItem.swift */; };
		C0CD04462B4020B800241FED /* Oogcentrum_VisionApp.swift in Sources */ = {isa = PBXBuildFile; fileRef = C0CD04452B4020B800241FED /* Oogcentrum_VisionApp.swift */; };
		C0CD04482B4020B800241FED /* ContentView.swift in Sources */ = {isa = PBXBuildFile; fileRef = C0CD04472B4020B800241FED /* ContentView.swift */; };
		C0CD044A2B4020B900241FED /* Assets.xcassets in Resources */ = {isa = PBXBuildFile; fileRef = C0CD04492B4020B900241FED /* Assets.xcassets */; };
		C0CD044D2B4020B900241FED /* Preview Assets.xcassets in Resources */ = {isa = PBXBuildFile; fileRef = C0CD044C2B4020B900241FED /* Preview Assets.xcassets */; };
		C0CD04572B4023E300241FED /* TodoPage.swift in Sources */ = {isa = PBXBuildFile; fileRef = C0CD04562B4023E300241FED /* TodoPage.swift */; };
		C0CD04592B40240100241FED /* CalendarPage.swift in Sources */ = {isa = PBXBuildFile; fileRef = C0CD04582B40240100241FED /* CalendarPage.swift */; };
		C0CD045D2B40278900241FED /* DottedBottomLine.swift in Sources */ = {isa = PBXBuildFile; fileRef = C0CD045B2B40278900241FED /* DottedBottomLine.swift */; };
		C0CD045E2B40278900241FED /* Title.swift in Sources */ = {isa = PBXBuildFile; fileRef = C0CD045C2B40278900241FED /* Title.swift */; };
		C0CD04672B4030D500241FED /* Auth0 in Frameworks */ = {isa = PBXBuildFile; productRef = C0CD04662B4030D500241FED /* Auth0 */; };
		C0CD046B2B40328300241FED /* Auth0.plist in Resources */ = {isa = PBXBuildFile; fileRef = C0CD046A2B40328300241FED /* Auth0.plist */; };
		C0CD046D2B40388F00241FED /* Auth0ID.swift in Sources */ = {isa = PBXBuildFile; fileRef = C0CD046C2B40388F00241FED /* Auth0ID.swift */; };
		C0CD04712B403B8100241FED /* ApiAppointments.swift in Sources */ = {isa = PBXBuildFile; fileRef = C0CD04702B403B8100241FED /* ApiAppointments.swift */; };
		C0CD04732B403C1600241FED /* ApiAppointment.swift in Sources */ = {isa = PBXBuildFile; fileRef = C0CD04722B403C1600241FED /* ApiAppointment.swift */; };
		C0CD04762B403FCF00241FED /* ApiStaff.swift in Sources */ = {isa = PBXBuildFile; fileRef = C0CD04752B403FCF00241FED /* ApiStaff.swift */; };
		C0CD04792B40407D00241FED /* ApiJob.swift in Sources */ = {isa = PBXBuildFile; fileRef = C0CD04782B40407D00241FED /* ApiJob.swift */; };
		C0CD047C2B40414300241FED /* ApiPatient.swift in Sources */ = {isa = PBXBuildFile; fileRef = C0CD047B2B40414300241FED /* ApiPatient.swift */; };
		C0CD047F2B40423500241FED /* AppointmentsRepository.swift in Sources */ = {isa = PBXBuildFile; fileRef = C0CD047E2B40423500241FED /* AppointmentsRepository.swift */; };
		C0CD04812B40424800241FED /* Appointment.swift in Sources */ = {isa = PBXBuildFile; fileRef = C0CD04802B40424800241FED /* Appointment.swift */; };
		C0CD04832B40450000241FED /* Patient.swift in Sources */ = {isa = PBXBuildFile; fileRef = C0CD04822B40450000241FED /* Patient.swift */; };
		C0CD04852B40460300241FED /* Staff.swift in Sources */ = {isa = PBXBuildFile; fileRef = C0CD04842B40460300241FED /* Staff.swift */; };
		C0CD048A2B40558400241FED /* TodoRepository.swift in Sources */ = {isa = PBXBuildFile; fileRef = C0CD04892B40558400241FED /* TodoRepository.swift */; };
		C0CD048D2B4055BC00241FED /* ApiTodos.swift in Sources */ = {isa = PBXBuildFile; fileRef = C0CD048C2B4055BC00241FED /* ApiTodos.swift */; };
		C0CD048F2B40567900241FED /* ApiTodo.swift in Sources */ = {isa = PBXBuildFile; fileRef = C0CD048E2B40567900241FED /* ApiTodo.swift */; };
		C0CD04912B40572E00241FED /* Todo.swift in Sources */ = {isa = PBXBuildFile; fileRef = C0CD04902B40572E00241FED /* Todo.swift */; };
/* End PBXBuildFile section */

/* Begin PBXFileReference section */
		C07EE9232B44110A000373BA /* AppointmentList.swift */ = {isa = PBXFileReference; lastKnownFileType = sourcecode.swift; path = AppointmentList.swift; sourceTree = "<group>"; };
		C07EE9252B441116000373BA /* AppointmentItem.swift */ = {isa = PBXFileReference; lastKnownFileType = sourcecode.swift; path = AppointmentItem.swift; sourceTree = "<group>"; };
		C07EE9272B441177000373BA /* CalendarVM.swift */ = {isa = PBXFileReference; lastKnownFileType = sourcecode.swift; path = CalendarVM.swift; sourceTree = "<group>"; };
		C07EE92D2B442243000373BA /* AppointmentDetailView.swift */ = {isa = PBXFileReference; lastKnownFileType = sourcecode.swift; path = AppointmentDetailView.swift; sourceTree = "<group>"; };
		C07EE92F2B442978000373BA /* TodoVM.swift */ = {isa = PBXFileReference; lastKnownFileType = sourcecode.swift; path = TodoVM.swift; sourceTree = "<group>"; };
		C07EE9322B442CC9000373BA /* TodoList.swift */ = {isa = PBXFileReference; lastKnownFileType = sourcecode.swift; path = TodoList.swift; sourceTree = "<group>"; };
		C07EE9342B442D3F000373BA /* TodoDetailView.swift */ = {isa = PBXFileReference; lastKnownFileType = sourcecode.swift; path = TodoDetailView.swift; sourceTree = "<group>"; };
		C07EE9362B442D4B000373BA /* TodoItem.swift */ = {isa = PBXFileReference; lastKnownFileType = sourcecode.swift; path = TodoItem.swift; sourceTree = "<group>"; };
		C07EE9392B44346C000373BA /* DetailItem.swift */ = {isa = PBXFileReference; lastKnownFileType = sourcecode.swift; path = DetailItem.swift; sourceTree = "<group>"; };
		C0CD04422B4020B800241FED /* Oogcentrum Vision.app */ = {isa = PBXFileReference; explicitFileType = wrapper.application; includeInIndex = 0; path = "Oogcentrum Vision.app"; sourceTree = BUILT_PRODUCTS_DIR; };
		C0CD04452B4020B800241FED /* Oogcentrum_VisionApp.swift */ = {isa = PBXFileReference; lastKnownFileType = sourcecode.swift; path = Oogcentrum_VisionApp.swift; sourceTree = "<group>"; };
		C0CD04472B4020B800241FED /* ContentView.swift */ = {isa = PBXFileReference; lastKnownFileType = sourcecode.swift; path = ContentView.swift; sourceTree = "<group>"; };
		C0CD04492B4020B900241FED /* Assets.xcassets */ = {isa = PBXFileReference; lastKnownFileType = folder.assetcatalog; path = Assets.xcassets; sourceTree = "<group>"; };
		C0CD044C2B4020B900241FED /* Preview Assets.xcassets */ = {isa = PBXFileReference; lastKnownFileType = folder.assetcatalog; path = "Preview Assets.xcassets"; sourceTree = "<group>"; };
		C0CD04562B4023E300241FED /* TodoPage.swift */ = {isa = PBXFileReference; lastKnownFileType = sourcecode.swift; path = TodoPage.swift; sourceTree = "<group>"; };
		C0CD04582B40240100241FED /* CalendarPage.swift */ = {isa = PBXFileReference; lastKnownFileType = sourcecode.swift; path = CalendarPage.swift; sourceTree = "<group>"; };
		C0CD045B2B40278900241FED /* DottedBottomLine.swift */ = {isa = PBXFileReference; fileEncoding = 4; lastKnownFileType = sourcecode.swift; path = DottedBottomLine.swift; sourceTree = "<group>"; };
		C0CD045C2B40278900241FED /* Title.swift */ = {isa = PBXFileReference; fileEncoding = 4; lastKnownFileType = sourcecode.swift; path = Title.swift; sourceTree = "<group>"; };
		C0CD046A2B40328300241FED /* Auth0.plist */ = {isa = PBXFileReference; lastKnownFileType = text.plist.xml; path = Auth0.plist; sourceTree = "<group>"; };
		C0CD046C2B40388F00241FED /* Auth0ID.swift */ = {isa = PBXFileReference; lastKnownFileType = sourcecode.swift; path = Auth0ID.swift; sourceTree = "<group>"; };
		C0CD04702B403B8100241FED /* ApiAppointments.swift */ = {isa = PBXFileReference; lastKnownFileType = sourcecode.swift; path = ApiAppointments.swift; sourceTree = "<group>"; };
		C0CD04722B403C1600241FED /* ApiAppointment.swift */ = {isa = PBXFileReference; lastKnownFileType = sourcecode.swift; path = ApiAppointment.swift; sourceTree = "<group>"; };
		C0CD04752B403FCF00241FED /* ApiStaff.swift */ = {isa = PBXFileReference; lastKnownFileType = sourcecode.swift; path = ApiStaff.swift; sourceTree = "<group>"; };
		C0CD04782B40407D00241FED /* ApiJob.swift */ = {isa = PBXFileReference; lastKnownFileType = sourcecode.swift; path = ApiJob.swift; sourceTree = "<group>"; };
		C0CD047B2B40414300241FED /* ApiPatient.swift */ = {isa = PBXFileReference; lastKnownFileType = sourcecode.swift; path = ApiPatient.swift; sourceTree = "<group>"; };
		C0CD047E2B40423500241FED /* AppointmentsRepository.swift */ = {isa = PBXFileReference; lastKnownFileType = sourcecode.swift; path = AppointmentsRepository.swift; sourceTree = "<group>"; };
		C0CD04802B40424800241FED /* Appointment.swift */ = {isa = PBXFileReference; lastKnownFileType = sourcecode.swift; path = Appointment.swift; sourceTree = "<group>"; };
		C0CD04822B40450000241FED /* Patient.swift */ = {isa = PBXFileReference; lastKnownFileType = sourcecode.swift; path = Patient.swift; sourceTree = "<group>"; };
		C0CD04842B40460300241FED /* Staff.swift */ = {isa = PBXFileReference; lastKnownFileType = sourcecode.swift; path = Staff.swift; sourceTree = "<group>"; };
		C0CD04892B40558400241FED /* TodoRepository.swift */ = {isa = PBXFileReference; lastKnownFileType = sourcecode.swift; path = TodoRepository.swift; sourceTree = "<group>"; };
		C0CD048C2B4055BC00241FED /* ApiTodos.swift */ = {isa = PBXFileReference; lastKnownFileType = sourcecode.swift; path = ApiTodos.swift; sourceTree = "<group>"; };
		C0CD048E2B40567900241FED /* ApiTodo.swift */ = {isa = PBXFileReference; lastKnownFileType = sourcecode.swift; path = ApiTodo.swift; sourceTree = "<group>"; };
		C0CD04902B40572E00241FED /* Todo.swift */ = {isa = PBXFileReference; lastKnownFileType = sourcecode.swift; path = Todo.swift; sourceTree = "<group>"; };
/* End PBXFileReference section */

/* Begin PBXFrameworksBuildPhase section */
		C0CD043F2B4020B800241FED /* Frameworks */ = {
			isa = PBXFrameworksBuildPhase;
			buildActionMask = 2147483647;
			files = (
				C0CD04672B4030D500241FED /* Auth0 in Frameworks */,
			);
			runOnlyForDeploymentPostprocessing = 0;
		};
/* End PBXFrameworksBuildPhase section */

/* Begin PBXGroup section */
		C07EE9312B442A23000373BA /* Todo */ = {
			isa = PBXGroup;
			children = (
				C0CD04562B4023E300241FED /* TodoPage.swift */,
				C07EE9322B442CC9000373BA /* TodoList.swift */,
				C07EE9342B442D3F000373BA /* TodoDetailView.swift */,
				C07EE9362B442D4B000373BA /* TodoItem.swift */,
			);
			path = Todo;
			sourceTree = "<group>";
		};
		C07EE9382B44345E000373BA /* shared */ = {
			isa = PBXGroup;
			children = (
				C07EE9392B44346C000373BA /* DetailItem.swift */,
			);
			path = shared;
			sourceTree = "<group>";
		};
		C0CD04392B4020B800241FED = {
			isa = PBXGroup;
			children = (
				C0CD04442B4020B800241FED /* Oogcentrum Vision */,
				C0CD04432B4020B800241FED /* Products */,
			);
			sourceTree = "<group>";
		};
		C0CD04432B4020B800241FED /* Products */ = {
			isa = PBXGroup;
			children = (
				C0CD04422B4020B800241FED /* Oogcentrum Vision.app */,
			);
			name = Products;
			sourceTree = "<group>";
		};
		C0CD04442B4020B800241FED /* Oogcentrum Vision */ = {
			isa = PBXGroup;
			children = (
				C0CD047D2B4041CF00241FED /* repository */,
				C0CD046E2B403B6200241FED /* network */,
				C0CD04622B402B6A00241FED /* Models */,
				C0CD04612B402ADA00241FED /* ViewModels */,
				C0CD045A2B40274C00241FED /* Components */,
				C0CD04532B4023B900241FED /* Views */,
				C0CD04452B4020B800241FED /* Oogcentrum_VisionApp.swift */,
				C0CD04472B4020B800241FED /* ContentView.swift */,
				C0CD04492B4020B900241FED /* Assets.xcassets */,
				C0CD044B2B4020B900241FED /* Preview Content */,
				C0CD046A2B40328300241FED /* Auth0.plist */,
			);
			path = "Oogcentrum Vision";
			sourceTree = "<group>";
		};
		C0CD044B2B4020B900241FED /* Preview Content */ = {
			isa = PBXGroup;
			children = (
				C0CD044C2B4020B900241FED /* Preview Assets.xcassets */,
			);
			path = "Preview Content";
			sourceTree = "<group>";
		};
		C0CD04532B4023B900241FED /* Views */ = {
			isa = PBXGroup;
			children = (
				C07EE9382B44345E000373BA /* shared */,
				C07EE9312B442A23000373BA /* Todo */,
				C0CD04882B40552000241FED /* Calendar */,
			);
			path = Views;
			sourceTree = "<group>";
		};
		C0CD045A2B40274C00241FED /* Components */ = {
			isa = PBXGroup;
			children = (
				C0CD045B2B40278900241FED /* DottedBottomLine.swift */,
				C0CD045C2B40278900241FED /* Title.swift */,
			);
			path = Components;
			sourceTree = "<group>";
		};
		C0CD04612B402ADA00241FED /* ViewModels */ = {
			isa = PBXGroup;
			children = (
				C07EE9272B441177000373BA /* CalendarVM.swift */,
				C07EE92F2B442978000373BA /* TodoVM.swift */,
			);
			path = ViewModels;
			sourceTree = "<group>";
		};
		C0CD04622B402B6A00241FED /* Models */ = {
			isa = PBXGroup;
			children = (
				C0CD046C2B40388F00241FED /* Auth0ID.swift */,
				C0CD04802B40424800241FED /* Appointment.swift */,
				C0CD04822B40450000241FED /* Patient.swift */,
				C0CD04842B40460300241FED /* Staff.swift */,
				C0CD04902B40572E00241FED /* Todo.swift */,
			);
			path = Models;
			sourceTree = "<group>";
		};
		C0CD046E2B403B6200241FED /* network */ = {
			isa = PBXGroup;
			children = (
				C0CD048B2B4055AF00241FED /* todo */,
				C0CD047A2B40412D00241FED /* patient */,
				C0CD04772B40406900241FED /* job */,
				C0CD04742B403FAC00241FED /* staff */,
				C0CD046F2B403B6D00241FED /* appointment */,
			);
			path = network;
			sourceTree = "<group>";
		};
		C0CD046F2B403B6D00241FED /* appointment */ = {
			isa = PBXGroup;
			children = (
				C0CD04702B403B8100241FED /* ApiAppointments.swift */,
				C0CD04722B403C1600241FED /* ApiAppointment.swift */,
			);
			path = appointment;
			sourceTree = "<group>";
		};
		C0CD04742B403FAC00241FED /* staff */ = {
			isa = PBXGroup;
			children = (
				C0CD04752B403FCF00241FED /* ApiStaff.swift */,
			);
			path = staff;
			sourceTree = "<group>";
		};
		C0CD04772B40406900241FED /* job */ = {
			isa = PBXGroup;
			children = (
				C0CD04782B40407D00241FED /* ApiJob.swift */,
			);
			path = job;
			sourceTree = "<group>";
		};
		C0CD047A2B40412D00241FED /* patient */ = {
			isa = PBXGroup;
			children = (
				C0CD047B2B40414300241FED /* ApiPatient.swift */,
			);
			path = patient;
			sourceTree = "<group>";
		};
		C0CD047D2B4041CF00241FED /* repository */ = {
			isa = PBXGroup;
			children = (
				C0CD047E2B40423500241FED /* AppointmentsRepository.swift */,
				C0CD04892B40558400241FED /* TodoRepository.swift */,
			);
			path = repository;
			sourceTree = "<group>";
		};
		C0CD04882B40552000241FED /* Calendar */ = {
			isa = PBXGroup;
			children = (
				C0CD04582B40240100241FED /* CalendarPage.swift */,
				C07EE9232B44110A000373BA /* AppointmentList.swift */,
				C07EE9252B441116000373BA /* AppointmentItem.swift */,
				C07EE92D2B442243000373BA /* AppointmentDetailView.swift */,
			);
			path = Calendar;
			sourceTree = "<group>";
		};
		C0CD048B2B4055AF00241FED /* todo */ = {
			isa = PBXGroup;
			children = (
				C0CD048C2B4055BC00241FED /* ApiTodos.swift */,
				C0CD048E2B40567900241FED /* ApiTodo.swift */,
			);
			path = todo;
			sourceTree = "<group>";
		};
/* End PBXGroup section */

/* Begin PBXNativeTarget section */
		C0CD04412B4020B800241FED /* Oogcentrum Vision */ = {
			isa = PBXNativeTarget;
			buildConfigurationList = C0CD04502B4020B900241FED /* Build configuration list for PBXNativeTarget "Oogcentrum Vision" */;
			buildPhases = (
				C0CD043E2B4020B800241FED /* Sources */,
				C0CD043F2B4020B800241FED /* Frameworks */,
				C0CD04402B4020B800241FED /* Resources */,
			);
			buildRules = (
			);
			dependencies = (
			);
			name = "Oogcentrum Vision";
			packageProductDependencies = (
				C0CD04662B4030D500241FED /* Auth0 */,
			);
			productName = "Oogcentrum Vision";
			productReference = C0CD04422B4020B800241FED /* Oogcentrum Vision.app */;
			productType = "com.apple.product-type.application";
		};
/* End PBXNativeTarget section */

/* Begin PBXProject section */
		C0CD043A2B4020B800241FED /* Project object */ = {
			isa = PBXProject;
			attributes = {
				BuildIndependentTargetsInParallel = 1;
				LastSwiftUpdateCheck = 1500;
				LastUpgradeCheck = 1500;
				TargetAttributes = {
					C0CD04412B4020B800241FED = {
						CreatedOnToolsVersion = 15.0;
					};
				};
			};
			buildConfigurationList = C0CD043D2B4020B800241FED /* Build configuration list for PBXProject "Oogcentrum Vision" */;
			compatibilityVersion = "Xcode 14.0";
			developmentRegion = en;
			hasScannedForEncodings = 0;
			knownRegions = (
				en,
				Base,
			);
			mainGroup = C0CD04392B4020B800241FED;
			packageReferences = (
				C0CD04652B4030D500241FED /* XCRemoteSwiftPackageReference "Auth0" */,
			);
			productRefGroup = C0CD04432B4020B800241FED /* Products */;
			projectDirPath = "";
			projectRoot = "";
			targets = (
				C0CD04412B4020B800241FED /* Oogcentrum Vision */,
			);
		};
/* End PBXProject section */

/* Begin PBXResourcesBuildPhase section */
		C0CD04402B4020B800241FED /* Resources */ = {
			isa = PBXResourcesBuildPhase;
			buildActionMask = 2147483647;
			files = (
				C0CD044D2B4020B900241FED /* Preview Assets.xcassets in Resources */,
				C0CD046B2B40328300241FED /* Auth0.plist in Resources */,
				C0CD044A2B4020B900241FED /* Assets.xcassets in Resources */,
			);
			runOnlyForDeploymentPostprocessing = 0;
		};
/* End PBXResourcesBuildPhase section */

/* Begin PBXSourcesBuildPhase section */
		C0CD043E2B4020B800241FED /* Sources */ = {
			isa = PBXSourcesBuildPhase;
			buildActionMask = 2147483647;
			files = (
				C07EE9302B442978000373BA /* TodoVM.swift in Sources */,
				C07EE9352B442D3F000373BA /* TodoDetailView.swift in Sources */,
				C0CD04592B40240100241FED /* CalendarPage.swift in Sources */,
				C0CD04572B4023E300241FED /* TodoPage.swift in Sources */,
				C0CD045D2B40278900241FED /* DottedBottomLine.swift in Sources */,
				C07EE93A2B44346C000373BA /* DetailItem.swift in Sources */,
				C07EE9242B44110A000373BA /* AppointmentList.swift in Sources */,
				C0CD046D2B40388F00241FED /* Auth0ID.swift in Sources */,
				C0CD04792B40407D00241FED /* ApiJob.swift in Sources */,
				C0CD04812B40424800241FED /* Appointment.swift in Sources */,
				C0CD04712B403B8100241FED /* ApiAppointments.swift in Sources */,
				C0CD047C2B40414300241FED /* ApiPatient.swift in Sources */,
				C0CD04762B403FCF00241FED /* ApiStaff.swift in Sources */,
				C07EE9282B441177000373BA /* CalendarVM.swift in Sources */,
				C07EE92E2B442243000373BA /* AppointmentDetailView.swift in Sources */,
				C07EE9372B442D4B000373BA /* TodoItem.swift in Sources */,
				C0CD04732B403C1600241FED /* ApiAppointment.swift in Sources */,
				C0CD04852B40460300241FED /* Staff.swift in Sources */,
				C07EE9332B442CC9000373BA /* TodoList.swift in Sources */,
				C0CD047F2B40423500241FED /* AppointmentsRepository.swift in Sources */,
				C07EE9262B441116000373BA /* AppointmentItem.swift in Sources */,
				C0CD04482B4020B800241FED /* ContentView.swift in Sources */,
				C0CD045E2B40278900241FED /* Title.swift in Sources */,
				C0CD048F2B40567900241FED /* ApiTodo.swift in Sources */,
				C0CD048A2B40558400241FED /* TodoRepository.swift in Sources */,
				C0CD04462B4020B800241FED /* Oogcentrum_VisionApp.swift in Sources */,
				C0CD048D2B4055BC00241FED /* ApiTodos.swift in Sources */,
				C0CD04832B40450000241FED /* Patient.swift in Sources */,
				C0CD04912B40572E00241FED /* Todo.swift in Sources */,
			);
			runOnlyForDeploymentPostprocessing = 0;
		};
/* End PBXSourcesBuildPhase section */

/* Begin XCBuildConfiguration section */
		C0CD044E2B4020B900241FED /* Debug */ = {
			isa = XCBuildConfiguration;
			buildSettings = {
				ALWAYS_SEARCH_USER_PATHS = NO;
				ASSETCATALOG_COMPILER_GENERATE_SWIFT_ASSET_SYMBOL_EXTENSIONS = YES;
				CLANG_ANALYZER_NONNULL = YES;
				CLANG_ANALYZER_NUMBER_OBJECT_CONVERSION = YES_AGGRESSIVE;
				CLANG_CXX_LANGUAGE_STANDARD = "gnu++20";
				CLANG_ENABLE_MODULES = YES;
				CLANG_ENABLE_OBJC_ARC = YES;
				CLANG_ENABLE_OBJC_WEAK = YES;
				CLANG_WARN_BLOCK_CAPTURE_AUTORELEASING = YES;
				CLANG_WARN_BOOL_CONVERSION = YES;
				CLANG_WARN_COMMA = YES;
				CLANG_WARN_CONSTANT_CONVERSION = YES;
				CLANG_WARN_DEPRECATED_OBJC_IMPLEMENTATIONS = YES;
				CLANG_WARN_DIRECT_OBJC_ISA_USAGE = YES_ERROR;
				CLANG_WARN_DOCUMENTATION_COMMENTS = YES;
				CLANG_WARN_EMPTY_BODY = YES;
				CLANG_WARN_ENUM_CONVERSION = YES;
				CLANG_WARN_INFINITE_RECURSION = YES;
				CLANG_WARN_INT_CONVERSION = YES;
				CLANG_WARN_NON_LITERAL_NULL_CONVERSION = YES;
				CLANG_WARN_OBJC_IMPLICIT_RETAIN_SELF = YES;
				CLANG_WARN_OBJC_LITERAL_CONVERSION = YES;
				CLANG_WARN_OBJC_ROOT_CLASS = YES_ERROR;
				CLANG_WARN_QUOTED_INCLUDE_IN_FRAMEWORK_HEADER = YES;
				CLANG_WARN_RANGE_LOOP_ANALYSIS = YES;
				CLANG_WARN_STRICT_PROTOTYPES = YES;
				CLANG_WARN_SUSPICIOUS_MOVE = YES;
				CLANG_WARN_UNGUARDED_AVAILABILITY = YES_AGGRESSIVE;
				CLANG_WARN_UNREACHABLE_CODE = YES;
				CLANG_WARN__DUPLICATE_METHOD_MATCH = YES;
				COPY_PHASE_STRIP = NO;
				DEBUG_INFORMATION_FORMAT = dwarf;
				ENABLE_STRICT_OBJC_MSGSEND = YES;
				ENABLE_TESTABILITY = YES;
				ENABLE_USER_SCRIPT_SANDBOXING = YES;
				GCC_C_LANGUAGE_STANDARD = gnu17;
				GCC_DYNAMIC_NO_PIC = NO;
				GCC_NO_COMMON_BLOCKS = YES;
				GCC_OPTIMIZATION_LEVEL = 0;
				GCC_PREPROCESSOR_DEFINITIONS = (
					"DEBUG=1",
					"$(inherited)",
				);
				GCC_WARN_64_TO_32_BIT_CONVERSION = YES;
				GCC_WARN_ABOUT_RETURN_TYPE = YES_ERROR;
				GCC_WARN_UNDECLARED_SELECTOR = YES;
				GCC_WARN_UNINITIALIZED_AUTOS = YES_AGGRESSIVE;
				GCC_WARN_UNUSED_FUNCTION = YES;
				GCC_WARN_UNUSED_VARIABLE = YES;
				IPHONEOS_DEPLOYMENT_TARGET = 17.0;
				LOCALIZATION_PREFERS_STRING_CATALOGS = YES;
				MTL_ENABLE_DEBUG_INFO = INCLUDE_SOURCE;
				MTL_FAST_MATH = YES;
				ONLY_ACTIVE_ARCH = YES;
				SDKROOT = iphoneos;
				SWIFT_ACTIVE_COMPILATION_CONDITIONS = "DEBUG $(inherited)";
				SWIFT_OPTIMIZATION_LEVEL = "-Onone";
			};
			name = Debug;
		};
		C0CD044F2B4020B900241FED /* Release */ = {
			isa = XCBuildConfiguration;
			buildSettings = {
				ALWAYS_SEARCH_USER_PATHS = NO;
				ASSETCATALOG_COMPILER_GENERATE_SWIFT_ASSET_SYMBOL_EXTENSIONS = YES;
				CLANG_ANALYZER_NONNULL = YES;
				CLANG_ANALYZER_NUMBER_OBJECT_CONVERSION = YES_AGGRESSIVE;
				CLANG_CXX_LANGUAGE_STANDARD = "gnu++20";
				CLANG_ENABLE_MODULES = YES;
				CLANG_ENABLE_OBJC_ARC = YES;
				CLANG_ENABLE_OBJC_WEAK = YES;
				CLANG_WARN_BLOCK_CAPTURE_AUTORELEASING = YES;
				CLANG_WARN_BOOL_CONVERSION = YES;
				CLANG_WARN_COMMA = YES;
				CLANG_WARN_CONSTANT_CONVERSION = YES;
				CLANG_WARN_DEPRECATED_OBJC_IMPLEMENTATIONS = YES;
				CLANG_WARN_DIRECT_OBJC_ISA_USAGE = YES_ERROR;
				CLANG_WARN_DOCUMENTATION_COMMENTS = YES;
				CLANG_WARN_EMPTY_BODY = YES;
				CLANG_WARN_ENUM_CONVERSION = YES;
				CLANG_WARN_INFINITE_RECURSION = YES;
				CLANG_WARN_INT_CONVERSION = YES;
				CLANG_WARN_NON_LITERAL_NULL_CONVERSION = YES;
				CLANG_WARN_OBJC_IMPLICIT_RETAIN_SELF = YES;
				CLANG_WARN_OBJC_LITERAL_CONVERSION = YES;
				CLANG_WARN_OBJC_ROOT_CLASS = YES_ERROR;
				CLANG_WARN_QUOTED_INCLUDE_IN_FRAMEWORK_HEADER = YES;
				CLANG_WARN_RANGE_LOOP_ANALYSIS = YES;
				CLANG_WARN_STRICT_PROTOTYPES = YES;
				CLANG_WARN_SUSPICIOUS_MOVE = YES;
				CLANG_WARN_UNGUARDED_AVAILABILITY = YES_AGGRESSIVE;
				CLANG_WARN_UNREACHABLE_CODE = YES;
				CLANG_WARN__DUPLICATE_METHOD_MATCH = YES;
				COPY_PHASE_STRIP = NO;
				DEBUG_INFORMATION_FORMAT = "dwarf-with-dsym";
				ENABLE_NS_ASSERTIONS = NO;
				ENABLE_STRICT_OBJC_MSGSEND = YES;
				ENABLE_USER_SCRIPT_SANDBOXING = YES;
				GCC_C_LANGUAGE_STANDARD = gnu17;
				GCC_NO_COMMON_BLOCKS = YES;
				GCC_WARN_64_TO_32_BIT_CONVERSION = YES;
				GCC_WARN_ABOUT_RETURN_TYPE = YES_ERROR;
				GCC_WARN_UNDECLARED_SELECTOR = YES;
				GCC_WARN_UNINITIALIZED_AUTOS = YES_AGGRESSIVE;
				GCC_WARN_UNUSED_FUNCTION = YES;
				GCC_WARN_UNUSED_VARIABLE = YES;
				IPHONEOS_DEPLOYMENT_TARGET = 17.0;
				LOCALIZATION_PREFERS_STRING_CATALOGS = YES;
				MTL_ENABLE_DEBUG_INFO = NO;
				MTL_FAST_MATH = YES;
				SDKROOT = iphoneos;
				SWIFT_COMPILATION_MODE = wholemodule;
				VALIDATE_PRODUCT = YES;
			};
			name = Release;
		};
		C0CD04512B4020B900241FED /* Debug */ = {
			isa = XCBuildConfiguration;
			buildSettings = {
				ASSETCATALOG_COMPILER_APPICON_NAME = AppIcon;
				ASSETCATALOG_COMPILER_GLOBAL_ACCENT_COLOR_NAME = AccentColor;
				CODE_SIGN_STYLE = Automatic;
				CURRENT_PROJECT_VERSION = 1;
				DEVELOPMENT_ASSET_PATHS = "\"Oogcentrum Vision/Preview Content\"";
				DEVELOPMENT_TEAM = 72V9J2AFGK;
				ENABLE_PREVIEWS = YES;
				GENERATE_INFOPLIST_FILE = YES;
				INFOPLIST_KEY_UIApplicationSceneManifest_Generation = YES;
				INFOPLIST_KEY_UIApplicationSupportsIndirectInputEvents = YES;
				INFOPLIST_KEY_UILaunchScreen_Generation = YES;
				INFOPLIST_KEY_UISupportedInterfaceOrientations_iPad = "UIInterfaceOrientationPortrait UIInterfaceOrientationPortraitUpsideDown UIInterfaceOrientationLandscapeLeft UIInterfaceOrientationLandscapeRight";
				INFOPLIST_KEY_UISupportedInterfaceOrientations_iPhone = "UIInterfaceOrientationPortrait UIInterfaceOrientationLandscapeLeft UIInterfaceOrientationLandscapeRight";
				LD_RUNPATH_SEARCH_PATHS = (
					"$(inherited)",
					"@executable_path/Frameworks",
				);
				MARKETING_VERSION = 1.0;
				PRODUCT_BUNDLE_IDENTIFIER = "DevOpsG062023.Oogcentrum-Vision";
				PRODUCT_NAME = "$(TARGET_NAME)";
				SWIFT_EMIT_LOC_STRINGS = YES;
				SWIFT_VERSION = 5.0;
				TARGETED_DEVICE_FAMILY = "1,2";
			};
			name = Debug;
		};
		C0CD04522B4020B900241FED /* Release */ = {
			isa = XCBuildConfiguration;
			buildSettings = {
				ASSETCATALOG_COMPILER_APPICON_NAME = AppIcon;
				ASSETCATALOG_COMPILER_GLOBAL_ACCENT_COLOR_NAME = AccentColor;
				CODE_SIGN_STYLE = Automatic;
				CURRENT_PROJECT_VERSION = 1;
				DEVELOPMENT_ASSET_PATHS = "\"Oogcentrum Vision/Preview Content\"";
				DEVELOPMENT_TEAM = 72V9J2AFGK;
				ENABLE_PREVIEWS = YES;
				GENERATE_INFOPLIST_FILE = YES;
				INFOPLIST_KEY_UIApplicationSceneManifest_Generation = YES;
				INFOPLIST_KEY_UIApplicationSupportsIndirectInputEvents = YES;
				INFOPLIST_KEY_UILaunchScreen_Generation = YES;
				INFOPLIST_KEY_UISupportedInterfaceOrientations_iPad = "UIInterfaceOrientationPortrait UIInterfaceOrientationPortraitUpsideDown UIInterfaceOrientationLandscapeLeft UIInterfaceOrientationLandscapeRight";
				INFOPLIST_KEY_UISupportedInterfaceOrientations_iPhone = "UIInterfaceOrientationPortrait UIInterfaceOrientationLandscapeLeft UIInterfaceOrientationLandscapeRight";
				LD_RUNPATH_SEARCH_PATHS = (
					"$(inherited)",
					"@executable_path/Frameworks",
				);
				MARKETING_VERSION = 1.0;
				PRODUCT_BUNDLE_IDENTIFIER = "DevOpsG062023.Oogcentrum-Vision";
				PRODUCT_NAME = "$(TARGET_NAME)";
				SWIFT_EMIT_LOC_STRINGS = YES;
				SWIFT_VERSION = 5.0;
				TARGETED_DEVICE_FAMILY = "1,2";
			};
			name = Release;
		};
/* End XCBuildConfiguration section */

/* Begin XCConfigurationList section */
		C0CD043D2B4020B800241FED /* Build configuration list for PBXProject "Oogcentrum Vision" */ = {
			isa = XCConfigurationList;
			buildConfigurations = (
				C0CD044E2B4020B900241FED /* Debug */,
				C0CD044F2B4020B900241FED /* Release */,
			);
			defaultConfigurationIsVisible = 0;
			defaultConfigurationName = Release;
		};
		C0CD04502B4020B900241FED /* Build configuration list for PBXNativeTarget "Oogcentrum Vision" */ = {
			isa = XCConfigurationList;
			buildConfigurations = (
				C0CD04512B4020B900241FED /* Debug */,
				C0CD04522B4020B900241FED /* Release */,
			);
			defaultConfigurationIsVisible = 0;
			defaultConfigurationName = Release;
		};
/* End XCConfigurationList section */

/* Begin XCRemoteSwiftPackageReference section */
		C0CD04652B4030D500241FED /* XCRemoteSwiftPackageReference "Auth0" */ = {
			isa = XCRemoteSwiftPackageReference;
			repositoryURL = "https://github.com/auth0/Auth0.swift";
			requirement = {
				kind = upToNextMinorVersion;
				minimumVersion = 2.5.0;
			};
		};
/* End XCRemoteSwiftPackageReference section */

/* Begin XCSwiftPackageProductDependency section */
		C0CD04662B4030D500241FED /* Auth0 */ = {
			isa = XCSwiftPackageProductDependency;
			package = C0CD04652B4030D500241FED /* XCRemoteSwiftPackageReference "Auth0" */;
			productName = Auth0;
		};
/* End XCSwiftPackageProductDependency section */
	};
	rootObject = C0CD043A2B4020B800241FED /* Project object */;
}
